# This file is automatically @generated by Cargo.
# It is not intended for manual editing.
version = 3

[[package]]
name = "binary-layout"
version = "3.0.0"
source = "registry+https://github.com/rust-lang/crates.io-index"
checksum = "59a1018e102344b7894a9bb0cbede0e9c6b9085fbb544b8dcc927ae7a5ebe084"
dependencies = [
 "doc-comment",
 "paste",
]

[[package]]
name = "doc-comment"
version = "0.3.3"
source = "registry+https://github.com/rust-lang/crates.io-index"
checksum = "fea41bba32d969b513997752735605054bc0dfa92b4c56bf1189f2e174be7a10"

[[package]]
name = "minimal-elf"
version = "0.1.0"
dependencies = [
 "binary-layout",
]

[[package]]
name = "paste"
version = "1.0.7"
source = "registry+https://github.com/rust-lang/crates.io-index"
checksum = "0c520e05135d6e763148b6426a837e239041653ba7becd2e538c076c738025fc"
